Microsoft Visual Studio Solution File, Format Version 12.00
# Visual Studio Version 17
VisualStudioVersion = 17.5.2.0
MinimumVisualStudioVersion = 10.0.40219.1
Project("{FAE04EC0-301F-11D3-BF4B-00C04F79EFBC}") = "dotnet-store", "dotnet-store.csproj", "{A69DD488-35B3-E59D-0D3D-B1D30110B36E}"
EndProject
Global
	GlobalSection(SolutionConfigurationPlatforms) = preSolution
		Debug|Any CPU = Debug|Any CPU
		Release|Any CPU = Release|Any CPU
	EndGlobalSection
	GlobalSection(ProjectConfigurationPlatforms) = postSolution
		{A69DD488-35B3-E59D-0D3D-B1D30110B36E}.Debug|Any CPU.ActiveCfg = Debug|Any CPU
		{A69DD488-35B3-E59D-0D3D-B1D30110B36E}.Debug|Any CPU.Build.0 = Debug|Any CPU
		{A69DD488-35B3-E59D-0D3D-B1D30110B36E}.Release|Any CPU.ActiveCfg = Release|Any CPU
		{A69DD488-35B3-E59D-0D3D-B1D30110B36E}.Release|Any CPU.Build.0 = Release|Any CPU
	EndGlobalSection
	GlobalSection(SolutionProperties) = preSolution
		HideSolutionNode = FALSE
	EndGlobalSection
	GlobalSection(ExtensibilityGlobals) = postSolution
		SolutionGuid = {8DC34233-AE72-44A0-9858-B9D32134BCC4}
	EndGlobalSection
EndGlobal
